{
  "name": "finanrus",
  "version": "1.0.0",
  "lockfileVersion": 3,
  "requires": true,
  "packages": {
    "node_modules/expo": {
      "version": "50.0.0",
      "requires": {}
    },
    "node_modules/react": {
      "version": "18.2.0",
      "requires": {}
    },
    "node_modules/react-native": {
      "version": "0.73.4",
      "requires": {}
    },
    "node_modules/react-native-google-mobile-ads": {
      "version": "9.1.1",
      "requires": {}
    },
    "node_modules/axios": {
      "version": "1.6.0",
      "requires": {}
    },
    "node_modules/expo-status-bar": {
      "version": "1.11.1",
      "requires": {}
    }
  },
  "dependencies": {
    "expo": {
      "version": "50.0.0",
      "requires": {},
      "resolved": "https://registry.npmjs.org/expo/-/expo-50.0.0.tgz"
    },
    "react": {
      "version": "18.2.0",
      "requires": {},
      "resolved": "https://registry.npmjs.org/react/-/react-18.2.0.tgz"
    },
    "react-native": {
      "version": "0.73.4",
      "requires": {},
      "resolved": "https://registry.npmjs.org/react-native/-/react-native-0.73.4.tgz"
    },
    "react-native-google-mobile-ads": {
      "version": "9.1.1",
      "requires": {},
      "resolved": "https://registry.npmjs.org/react-native-google-mobile-ads/-/react-native-google-mobile-ads-9.1.1.tgz"
    },
    "axios": {
      "version": "1.6.0",
      "requires": {},
      "resolved": "https://registry.npmjs.org/axios/-/axios-1.6.0.tgz"
    },
    "expo-status-bar": {
      "version": "1.11.1",
      "requires": {},
      "resolved": "https://registry.npmjs.org/expo-status-bar/-/expo-status-bar-1.11.1.tgz"
    }
  }
}